
Microsoft Visual Studio Solution File, Format Version 12.00
# Visual Studio Version 16
VisualStudioVersion = 16.0.31605.320
MinimumVisualStudioVersion = 10.0.40219.1
Project("{FAE04EC0-301F-11D3-BF4B-00C04F79EFBC}") = "Luchthaven", "Luchthaven\Luchthaven.csproj", "{3755911D-FDA0-4802-958A-AED8FBEE3BB6}"
EndProject
Global
	GlobalSection(SolutionConfigurationPlatforms) = preSolution
		Debug|Any CPU = Debug|Any CPU
		Release|Any CPU = Release|Any CPU
	EndGlobalSection
	GlobalSection(ProjectConfigurationPlatforms) = postSolution
		{3755911D-FDA0-4802-958A-AED8FBEE3BB6}.Debug|Any CPU.ActiveCfg = Debug|Any CPU
		{3755911D-FDA0-4802-958A-AED8FBEE3BB6}.Debug|Any CPU.Build.0 = Debug|Any CPU
		{3755911D-FDA0-4802-958A-AED8FBEE3BB6}.Release|Any CPU.ActiveCfg = Release|Any CPU
		{3755911D-FDA0-4802-958A-AED8FBEE3BB6}.Release|Any CPU.Build.0 = Release|Any CPU
	EndGlobalSection
	GlobalSection(SolutionProperties) = preSolution
		HideSolutionNode = FALSE
	EndGlobalSection
	GlobalSection(ExtensibilityGlobals) = postSolution
		SolutionGuid = {4393B2A3-5F38-4DB1-B10C-5DC51207583F}
	EndGlobalSection
EndGlobal
